
Microsoft Visual Studio Solution File, Format Version 12.00
# Visual Studio Version 17
VisualStudioVersion = 17.0.31903.59
MinimumVisualStudioVersion = 10.0.40219.1
Project("{FAE04EC0-301F-11D3-BF4B-00C04F79EFBC}") = "EventBridge", "src\EventBridge\EventBridge.csproj", "{C29FBF05-7C25-C20A-0585-276C51666F5F}"
EndProject
Project("{FAE04EC0-301F-11D3-BF4B-00C04F79EFBC}") = "OrderService", "src\OrderService\OrderService.csproj", "{B2E9C8D7-0632-7E2E-C353-B5F9724EE62A}"
EndProject
Project("{FAE04EC0-301F-11D3-BF4B-00C04F79EFBC}") = "UserService", "src\UserService\UserService.csproj", "{3D3139C5-B134-98EF-99EE-8ABDE291CE85}"
EndProject
Project("{FAE04EC0-301F-11D3-BF4B-00C04F79EFBC}") = "Shared", "src\Shared\Shared.csproj", "{5FE2F9CD-7688-3927-86AA-70E624F33031}"
EndProject
Project("{2150E333-8FDC-42A3-9474-1A3956D46DE8}") = "Solution Items", "Solution Items", "{8EC462FD-D22E-90A8-E5CE-7E832BA40C5D}"
	ProjectSection(SolutionItems) = preProject
		.gitattributes = .gitattributes
		.gitignore = .gitignore
		clean_docker.sh = clean_docker.sh
		docker-compose.yml = docker-compose.yml
		README.md = README.md
	EndProjectSection
EndProject
Project("{FAE04EC0-301F-11D3-BF4B-00C04F79EFBC}") = "OutboxDispatcher", "src\OutboxDispatcher\OutboxDispatcher.csproj", "{0FAB8508-68E5-BF28-4013-581E23C0F3AE}"
EndProject
Project("{FAE04EC0-301F-11D3-BF4B-00C04F79EFBC}") = "UserService.Tests", "tests\UserServices.Tests\UserService.Tests.csproj", "{26703C38-AABD-8622-A4F7-5D5F2BE5D5A1}"
EndProject
Project("{FAE04EC0-301F-11D3-BF4B-00C04F79EFBC}") = "OrderService.Tests", "tests\OrderServices.Tests\OrderService.Tests.csproj", "{FC1A5216-5688-BABC-CEBE-3EE09A70D4BE}"
EndProject
Global
	GlobalSection(SolutionConfigurationPlatforms) = preSolution
		Debug|Any CPU = Debug|Any CPU
		Release|Any CPU = Release|Any CPU
	EndGlobalSection
	GlobalSection(ProjectConfigurationPlatforms) = postSolution
		{C29FBF05-7C25-C20A-0585-276C51666F5F}.Debug|Any CPU.ActiveCfg = Debug|Any CPU
		{C29FBF05-7C25-C20A-0585-276C51666F5F}.Debug|Any CPU.Build.0 = Debug|Any CPU
		{C29FBF05-7C25-C20A-0585-276C51666F5F}.Release|Any CPU.ActiveCfg = Release|Any CPU
		{C29FBF05-7C25-C20A-0585-276C51666F5F}.Release|Any CPU.Build.0 = Release|Any CPU
		{B2E9C8D7-0632-7E2E-C353-B5F9724EE62A}.Debug|Any CPU.ActiveCfg = Debug|Any CPU
		{B2E9C8D7-0632-7E2E-C353-B5F9724EE62A}.Debug|Any CPU.Build.0 = Debug|Any CPU
		{B2E9C8D7-0632-7E2E-C353-B5F9724EE62A}.Release|Any CPU.ActiveCfg = Release|Any CPU
		{B2E9C8D7-0632-7E2E-C353-B5F9724EE62A}.Release|Any CPU.Build.0 = Release|Any CPU
		{3D3139C5-B134-98EF-99EE-8ABDE291CE85}.Debug|Any CPU.ActiveCfg = Debug|Any CPU
		{3D3139C5-B134-98EF-99EE-8ABDE291CE85}.Debug|Any CPU.Build.0 = Debug|Any CPU
		{3D3139C5-B134-98EF-99EE-8ABDE291CE85}.Release|Any CPU.ActiveCfg = Release|Any CPU
		{3D3139C5-B134-98EF-99EE-8ABDE291CE85}.Release|Any CPU.Build.0 = Release|Any CPU
		{5FE2F9CD-7688-3927-86AA-70E624F33031}.Debug|Any CPU.ActiveCfg = Debug|Any CPU
		{5FE2F9CD-7688-3927-86AA-70E624F33031}.Debug|Any CPU.Build.0 = Debug|Any CPU
		{5FE2F9CD-7688-3927-86AA-70E624F33031}.Release|Any CPU.ActiveCfg = Release|Any CPU
		{5FE2F9CD-7688-3927-86AA-70E624F33031}.Release|Any CPU.Build.0 = Release|Any CPU
		{0FAB8508-68E5-BF28-4013-581E23C0F3AE}.Debug|Any CPU.ActiveCfg = Debug|Any CPU
		{0FAB8508-68E5-BF28-4013-581E23C0F3AE}.Debug|Any CPU.Build.0 = Debug|Any CPU
		{0FAB8508-68E5-BF28-4013-581E23C0F3AE}.Release|Any CPU.ActiveCfg = Release|Any CPU
		{0FAB8508-68E5-BF28-4013-581E23C0F3AE}.Release|Any CPU.Build.0 = Release|Any CPU
		{26703C38-AABD-8622-A4F7-5D5F2BE5D5A1}.Debug|Any CPU.ActiveCfg = Debug|Any CPU
		{26703C38-AABD-8622-A4F7-5D5F2BE5D5A1}.Debug|Any CPU.Build.0 = Debug|Any CPU
		{26703C38-AABD-8622-A4F7-5D5F2BE5D5A1}.Release|Any CPU.ActiveCfg = Release|Any CPU
		{26703C38-AABD-8622-A4F7-5D5F2BE5D5A1}.Release|Any CPU.Build.0 = Release|Any CPU
		{FC1A5216-5688-BABC-CEBE-3EE09A70D4BE}.Debug|Any CPU.ActiveCfg = Debug|Any CPU
		{FC1A5216-5688-BABC-CEBE-3EE09A70D4BE}.Debug|Any CPU.Build.0 = Debug|Any CPU
		{FC1A5216-5688-BABC-CEBE-3EE09A70D4BE}.Release|Any CPU.ActiveCfg = Release|Any CPU
		{FC1A5216-5688-BABC-CEBE-3EE09A70D4BE}.Release|Any CPU.Build.0 = Release|Any CPU
	EndGlobalSection
	GlobalSection(SolutionProperties) = preSolution
		HideSolutionNode = FALSE
	EndGlobalSection
	GlobalSection(ExtensibilityGlobals) = postSolution
		SolutionGuid = {FA5BCE0B-19BD-4E28-A824-FD2162AA2BD1}
	EndGlobalSection
EndGlobal
